
Microsoft Visual Studio Solution File, Format Version 12.00
# Visual Studio Version 16
VisualStudioVersion = 16.0.31624.102
MinimumVisualStudioVersion = 10.0.40219.1
Project("{FAE04EC0-301F-11D3-BF4B-00C04F79EFBC}") = "14.12.2021", "14.12.2021\14.12.2021.csproj", "{44FA6E98-A205-4790-887F-ADD342A3677B}"
EndProject
Global
	GlobalSection(SolutionConfigurationPlatforms) = preSolution
		Debug|Any CPU = Debug|Any CPU
		Release|Any CPU = Release|Any CPU
	EndGlobalSection
	GlobalSection(ProjectConfigurationPlatforms) = postSolution
		{44FA6E98-A205-4790-887F-ADD342A3677B}.Debug|Any CPU.ActiveCfg = Debug|Any CPU
		{44FA6E98-A205-4790-887F-ADD342A3677B}.Debug|Any CPU.Build.0 = Debug|Any CPU
		{44FA6E98-A205-4790-887F-ADD342A3677B}.Release|Any CPU.ActiveCfg = Release|Any CPU
		{44FA6E98-A205-4790-887F-ADD342A3677B}.Release|Any CPU.Build.0 = Release|Any CPU
	EndGlobalSection
	GlobalSection(SolutionProperties) = preSolution
		HideSolutionNode = FALSE
	EndGlobalSection
	GlobalSection(ExtensibilityGlobals) = postSolution
		SolutionGuid = {78194182-05DD-42A9-A765-B2556EC89EA3}
	EndGlobalSection
EndGlobal
